// !$*UTF8*$!
{
	archiveVersion = 1;
	classes = {
	};
	objectVersion = 50;
	objects = {

/* Begin PBXBuildFile section */
		2995A00320997702005D1336 /* AppDelegate.swift in Sources */ = {isa = PBXBuildFile; fileRef = 2995A00220997702005D1336 /* AppDelegate.swift */; };
		2995A01820997705005D1336 /* SetViewTests.swift in Sources */ = {isa = PBXBuildFile; fileRef = 2995A01720997705005D1336 /* SetViewTests.swift */; };
		2995A025209977FA005D1336 /* SetView.swift in Sources */ = {isa = PBXBuildFile; fileRef = 2995A024209977FA005D1336 /* SetView.swift */; };
		2995A027209A87F6005D1336 /* Element.swift in Sources */ = {isa = PBXBuildFile; fileRef = 2995A026209A87F6005D1336 /* Element.swift */; };
		2995A029209A8810005D1336 /* Style.swift in Sources */ = {isa = PBXBuildFile; fileRef = 2995A028209A8810005D1336 /* Style.swift */; };
		2995A02B209A8837005D1336 /* ElementView.swift in Sources */ = {isa = PBXBuildFile; fileRef = 2995A02A209A8837005D1336 /* ElementView.swift */; };
/* End PBXBuildFile section */

/* Begin PBXContainerItemProxy section */
		2995A01420997705005D1336 /* PBXContainerItemProxy */ = {
			isa = PBXContainerItemProxy;
			containerPortal = 29959FF720997702005D1336 /* Project object */;
			proxyType = 1;
			remoteGlobalIDString = 29959FFE20997702005D1336;
			remoteInfo = OptionsView;
		};
/* End PBXContainerItemProxy section */

/* Begin PBXFileReference section */
		29959FFF20997702005D1336 /* SetView.app */ = {isa = PBXFileReference; explicitFileType = wrapper.application; includeInIndex = 0; path = SetView.app; sourceTree = BUILT_PRODUCTS_DIR; };
		2995A00220997702005D1336 /* AppDelegate.swift */ = {isa = PBXFileReference; lastKnownFileType = sourcecode.swift; path = AppDelegate.swift; sourceTree = "<group>"; };
		2995A00E20997704005D1336 /* Info.plist */ = {isa = PBXFileReference; lastKnownFileType = text.plist.xml; path = Info.plist; sourceTree = "<group>"; };
		2995A01320997705005D1336 /* SetViewTests.xctest */ = {isa = PBXFileReference; explicitFileType = wrapper.cfbundle; includeInIndex = 0; path = SetViewTests.xctest; sourceTree = BUILT_PRODUCTS_DIR; };
		2995A01720997705005D1336 /* SetViewTests.swift */ = {isa = PBXFileReference; lastKnownFileType = sourcecode.swift; path = SetViewTests.swift; sourceTree = "<group>"; };
		2995A01920997705005D1336 /* Info.plist */ = {isa = PBXFileReference; lastKnownFileType = text.plist.xml; path = Info.plist; sourceTree = "<group>"; };
		2995A024209977FA005D1336 /* SetView.swift */ = {isa = PBXFileReference; lastKnownFileType = sourcecode.swift; path = SetView.swift; sourceTree = "<group>"; };
		2995A026209A87F6005D1336 /* Element.swift */ = {isa = PBXFileReference; lastKnownFileType = sourcecode.swift; path = Element.swift; sourceTree = "<group>"; };
		2995A028209A8810005D1336 /* Style.swift */ = {isa = PBXFileReference; lastKnownFileType = sourcecode.swift; path = Style.swift; sourceTree = "<group>"; };
		2995A02A209A8837005D1336 /* ElementView.swift */ = {isa = PBXFileReference; lastKnownFileType = sourcecode.swift; path = ElementView.swift; sourceTree = "<group>"; };
/* End PBXFileReference section */

/* Begin PBXFrameworksBuildPhase section */
		29959FFC20997702005D1336 /* Frameworks */ = {
			isa = PBXFrameworksBuildPhase;
			buildActionMask = 2147483647;
			files = (
			);
			runOnlyForDeploymentPostprocessing = 0;
		};
		2995A01020997705005D1336 /* Frameworks */ = {
			isa = PBXFrameworksBuildPhase;
			buildActionMask = 2147483647;
			files = (
			);
			runOnlyForDeploymentPostprocessing = 0;
		};
/* End PBXFrameworksBuildPhase section */

/* Begin PBXGroup section */
		29959FF620997702005D1336 = {
			isa = PBXGroup;
			children = (
				2995A00120997702005D1336 /* SetViewSource */,
				2995A01620997705005D1336 /* SetViewTests */,
				2995A00020997702005D1336 /* Products */,
			);
			sourceTree = "<group>";
		};
		2995A00020997702005D1336 /* Products */ = {
			isa = PBXGroup;
			children = (
				29959FFF20997702005D1336 /* SetView.app */,
				2995A01320997705005D1336 /* SetViewTests.xctest */,
			);
			name = Products;
			sourceTree = "<group>";
		};
		2995A00120997702005D1336 /* SetViewSource */ = {
			isa = PBXGroup;
			children = (
				2995A026209A87F6005D1336 /* Element.swift */,
				2995A028209A8810005D1336 /* Style.swift */,
				2995A024209977FA005D1336 /* SetView.swift */,
				2995A02A209A8837005D1336 /* ElementView.swift */,
				2995A022209977E8005D1336 /* host */,
			);
			path = SetViewSource;
			sourceTree = "<group>";
		};
		2995A01620997705005D1336 /* SetViewTests */ = {
			isa = PBXGroup;
			children = (
				2995A01720997705005D1336 /* SetViewTests.swift */,
				2995A01920997705005D1336 /* Info.plist */,
			);
			path = SetViewTests;
			sourceTree = "<group>";
		};
		2995A022209977E8005D1336 /* host */ = {
			isa = PBXGroup;
			children = (
				2995A00220997702005D1336 /* AppDelegate.swift */,
				2995A00E20997704005D1336 /* Info.plist */,
			);
			path = host;
			sourceTree = "<group>";
		};
/* End PBXGroup section */

/* Begin PBXNativeTarget section */
		29959FFE20997702005D1336 /* SetView */ = {
			isa = PBXNativeTarget;
			buildConfigurationList = 2995A01C20997705005D1336 /* Build configuration list for PBXNativeTarget "SetView" */;
			buildPhases = (
				29959FFB20997702005D1336 /* Sources */,
				29959FFC20997702005D1336 /* Frameworks */,
				29959FFD20997702005D1336 /* Resources */,
			);
			buildRules = (
			);
			dependencies = (
			);
			name = SetView;
			productName = OptionsView;
			productReference = 29959FFF20997702005D1336 /* SetView.app */;
			productType = "com.apple.product-type.application";
		};
		2995A01220997705005D1336 /* SetViewTests */ = {
			isa = PBXNativeTarget;
			buildConfigurationList = 2995A01F20997705005D1336 /* Build configuration list for PBXNativeTarget "SetViewTests" */;
			buildPhases = (
				2995A00F20997705005D1336 /* Sources */,
				2995A01020997705005D1336 /* Frameworks */,
				2995A01120997705005D1336 /* Resources */,
			);
			buildRules = (
			);
			dependencies = (
				2995A01520997705005D1336 /* PBXTargetDependency */,
			);
			name = SetViewTests;
			productName = OptionsViewTests;
			productReference = 2995A01320997705005D1336 /* SetViewTests.xctest */;
			productType = "com.apple.product-type.bundle.unit-test";
		};
/* End PBXNativeTarget section */

/* Begin PBXProject section */
		29959FF720997702005D1336 /* Project object */ = {
			isa = PBXProject;
			attributes = {
				LastSwiftUpdateCheck = 0930;
				LastUpgradeCheck = 0930;
				ORGANIZATIONNAME = "Alexander Bollbach";
				TargetAttributes = {
					29959FFE20997702005D1336 = {
						CreatedOnToolsVersion = 9.3;
					};
					2995A01220997705005D1336 = {
						CreatedOnToolsVersion = 9.3;
						TestTargetID = 29959FFE20997702005D1336;
					};
				};
			};
			buildConfigurationList = 29959FFA20997702005D1336 /* Build configuration list for PBXProject "SetView" */;
			compatibilityVersion = "Xcode 9.3";
			developmentRegion = en;
			hasScannedForEncodings = 0;
			knownRegions = (
				en,
				Base,
			);
			mainGroup = 29959FF620997702005D1336;
			productRefGroup = 2995A00020997702005D1336 /* Products */;
			projectDirPath = "";
			projectRoot = "";
			targets = (
				29959FFE20997702005D1336 /* SetView */,
				2995A01220997705005D1336 /* SetViewTests */,
			);
		};
/* End PBXProject section */

/* Begin PBXResourcesBuildPhase section */
		29959FFD20997702005D1336 /* Resources */ = {
			isa = PBXResourcesBuildPhase;
			buildActionMask = 2147483647;
			files = (
			);
			runOnlyForDeploymentPostprocessing = 0;
		};
		2995A01120997705005D1336 /* Resources */ = {
			isa = PBXResourcesBuildPhase;
			buildActionMask = 2147483647;
			files = (
			);
			runOnlyForDeploymentPostprocessing = 0;
		};
/* End PBXResourcesBuildPhase section */

/* Begin PBXSourcesBuildPhase section */
		29959FFB20997702005D1336 /* Sources */ = {
			isa = PBXSourcesBuildPhase;
			buildActionMask = 2147483647;
			files = (
				2995A02B209A8837005D1336 /* ElementView.swift in Sources */,
				2995A025209977FA005D1336 /* SetView.swift in Sources */,
				2995A027209A87F6005D1336 /* Element.swift in Sources */,
				2995A00320997702005D1336 /* AppDelegate.swift in Sources */,
				2995A029209A8810005D1336 /* Style.swift in Sources */,
			);
			runOnlyForDeploymentPostprocessing = 0;
		};
		2995A00F20997705005D1336 /* Sources */ = {
			isa = PBXSourcesBuildPhase;
			buildActionMask = 2147483647;
			files = (
				2995A01820997705005D1336 /* SetViewTests.swift in Sources */,
			);
			runOnlyForDeploymentPostprocessing = 0;
		};
/* End PBXSourcesBuildPhase section */

/* Begin PBXTargetDependency section */
		2995A01520997705005D1336 /* PBXTargetDependency */ = {
			isa = PBXTargetDependency;
			target = 29959FFE20997702005D1336 /* SetView */;
			targetProxy = 2995A01420997705005D1336 /* PBXContainerItemProxy */;
		};
/* End PBXTargetDependency section */

/* Begin XCBuildConfiguration section */
		2995A01A20997705005D1336 /* Debug */ = {
			isa = XCBuildConfiguration;
			buildSettings = {
				ALWAYS_SEARCH_USER_PATHS = NO;
				CLANG_ANALYZER_NONNULL = YES;
				CLANG_ANALYZER_NUMBER_OBJECT_CONVERSION = YES_AGGRESSIVE;
				CLANG_CXX_LANGUAGE_STANDARD = "gnu++14";
				CLANG_CXX_LIBRARY = "libc++";
				CLANG_ENABLE_MODULES = YES;
				CLANG_ENABLE_OBJC_ARC = YES;
				CLANG_ENABLE_OBJC_WEAK = YES;
				CLANG_WARN_BLOCK_CAPTURE_AUTORELEASING = YES;
				CLANG_WARN_BOOL_CONVERSION = YES;
				CLANG_WARN_COMMA = YES;
				CLANG_WARN_CONSTANT_CONVERSION = YES;
				CLANG_WARN_DEPRECATED_OBJC_IMPLEMENTATIONS = YES;
				CLANG_WARN_DIRECT_OBJC_ISA_USAGE = YES_ERROR;
				CLANG_WARN_DOCUMENTATION_COMMENTS = YES;
				CLANG_WARN_EMPTY_BODY = YES;
				CLANG_WARN_ENUM_CONVERSION = YES;
				CLANG_WARN_INFINITE_RECURSION = YES;
				CLANG_WARN_INT_CONVERSION = YES;
				CLANG_WARN_NON_LITERAL_NULL_CONVERSION = YES;
				CLANG_WARN_OBJC_IMPLICIT_RETAIN_SELF = YES;
				CLANG_WARN_OBJC_LITERAL_CONVERSION = YES;
				CLANG_WARN_OBJC_ROOT_CLASS = YES_ERROR;
				CLANG_WARN_RANGE_LOOP_ANALYSIS = YES;
				CLANG_WARN_STRICT_PROTOTYPES = YES;
				CLANG_WARN_SUSPICIOUS_MOVE = YES;
				CLANG_WARN_UNGUARDED_AVAILABILITY = YES_AGGRESSIVE;
				CLANG_WARN_UNREACHABLE_CODE = YES;
				CLANG_WARN__DUPLICATE_METHOD_MATCH = YES;
				CODE_SIGN_IDENTITY = "iPhone Developer";
				COPY_PHASE_STRIP = NO;
				DEBUG_INFORMATION_FORMAT = dwarf;
				ENABLE_STRICT_OBJC_MSGSEND = YES;
				ENABLE_TESTABILITY = YES;
				GCC_C_LANGUAGE_STANDARD = gnu11;
				GCC_DYNAMIC_NO_PIC = NO;
				GCC_NO_COMMON_BLOCKS = YES;
				GCC_OPTIMIZATION_LEVEL = 0;
				GCC_PREPROCESSOR_DEFINITIONS = (
					"DEBUG=1",
					"$(inherited)",
				);
				GCC_WARN_64_TO_32_BIT_CONVERSION = YES;
				GCC_WARN_ABOUT_RETURN_TYPE = YES_ERROR;
				GCC_WARN_UNDECLARED_SELECTOR = YES;
				GCC_WARN_UNINITIALIZED_AUTOS = YES_AGGRESSIVE;
				GCC_WARN_UNUSED_FUNCTION = YES;
				GCC_WARN_UNUSED_VARIABLE = YES;
				IPHONEOS_DEPLOYMENT_TARGET = 11.3;
				MTL_ENABLE_DEBUG_INFO = YES;
				ONLY_ACTIVE_ARCH = YES;
				SDKROOT = iphoneos;
				SWIFT_ACTIVE_COMPILATION_CONDITIONS = DEBUG;
				SWIFT_OPTIMIZATION_LEVEL = "-Onone";
			};
			name = Debug;
		};
		2995A01B20997705005D1336 /* Release */ = {
			isa = XCBuildConfiguration;
			buildSettings = {
				ALWAYS_SEARCH_USER_PATHS = NO;
				CLANG_ANALYZER_NONNULL = YES;
				CLANG_ANALYZER_NUMBER_OBJECT_CONVERSION = YES_AGGRESSIVE;
				CLANG_CXX_LANGUAGE_STANDARD = "gnu++14";
				CLANG_CXX_LIBRARY = "libc++";
				CLANG_ENABLE_MODULES = YES;
				CLANG_ENABLE_OBJC_ARC = YES;
				CLANG_ENABLE_OBJC_WEAK = YES;
				CLANG_WARN_BLOCK_CAPTURE_AUTORELEASING = YES;
				CLANG_WARN_BOOL_CONVERSION = YES;
				CLANG_WARN_COMMA = YES;
				CLANG_WARN_CONSTANT_CONVERSION = YES;
				CLANG_WARN_DEPRECATED_OBJC_IMPLEMENTATIONS = YES;
				CLANG_WARN_DIRECT_OBJC_ISA_USAGE = YES_ERROR;
				CLANG_WARN_DOCUMENTATION_COMMENTS = YES;
				CLANG_WARN_EMPTY_BODY = YES;
				CLANG_WARN_ENUM_CONVERSION = YES;
				CLANG_WARN_INFINITE_RECURSION = YES;
				CLANG_WARN_INT_CONVERSION = YES;
				CLANG_WARN_NON_LITERAL_NULL_CONVERSION = YES;
				CLANG_WARN_OBJC_IMPLICIT_RETAIN_SELF = YES;
				CLANG_WARN_OBJC_LITERAL_CONVERSION = YES;
				CLANG_WARN_OBJC_ROOT_CLASS = YES_ERROR;
				CLANG_WARN_RANGE_LOOP_ANALYSIS = YES;
				CLANG_WARN_STRICT_PROTOTYPES = YES;
				CLANG_WARN_SUSPICIOUS_MOVE = YES;
				CLANG_WARN_UNGUARDED_AVAILABILITY = YES_AGGRESSIVE;
				CLANG_WARN_UNREACHABLE_CODE = YES;
				CLANG_WARN__DUPLICATE_METHOD_MATCH = YES;
				CODE_SIGN_IDENTITY = "iPhone Developer";
				COPY_PHASE_STRIP = NO;
				DEBUG_INFORMATION_FORMAT = "dwarf-with-dsym";
				ENABLE_NS_ASSERTIONS = NO;
				ENABLE_STRICT_OBJC_MSGSEND = YES;
				GCC_C_LANGUAGE_STANDARD = gnu11;
				GCC_NO_COMMON_BLOCKS = YES;
				GCC_WARN_64_TO_32_BIT_CONVERSION = YES;
				GCC_WARN_ABOUT_RETURN_TYPE = YES_ERROR;
				GCC_WARN_UNDECLARED_SELECTOR = YES;
				GCC_WARN_UNINITIALIZED_AUTOS = YES_AGGRESSIVE;
				GCC_WARN_UNUSED_FUNCTION = YES;
				GCC_WARN_UNUSED_VARIABLE = YES;
				IPHONEOS_DEPLOYMENT_TARGET = 11.3;
				MTL_ENABLE_DEBUG_INFO = NO;
				SDKROOT = iphoneos;
				SWIFT_COMPILATION_MODE = wholemodule;
				SWIFT_OPTIMIZATION_LEVEL = "-O";
				VALIDATE_PRODUCT = YES;
			};
			name = Release;
		};
		2995A01D20997705005D1336 /* Debug */ = {
			isa = XCBuildConfiguration;
			buildSettings = {
				ASSETCATALOG_COMPILER_APPICON_NAME = AppIcon;
				CODE_SIGN_STYLE = Automatic;
				DEVELOPMENT_TEAM = 6UUR9483U2;
				INFOPLIST_FILE = "$(SRCROOT)/SetViewSource/host/Info.plist";
				LD_RUNPATH_SEARCH_PATHS = (
					"$(inherited)",
					"@executable_path/Frameworks",
				);
				PRODUCT_BUNDLE_IDENTIFIER = com.alex.OptionsView;
				PRODUCT_NAME = "$(TARGET_NAME)";
				SWIFT_VERSION = 4.0;
				TARGETED_DEVICE_FAMILY = "1,2";
			};
			name = Debug;
		};
		2995A01E20997705005D1336 /* Release */ = {
			isa = XCBuildConfiguration;
			buildSettings = {
				ASSETCATALOG_COMPILER_APPICON_NAME = AppIcon;
				CODE_SIGN_STYLE = Automatic;
				DEVELOPMENT_TEAM = 6UUR9483U2;
				INFOPLIST_FILE = "$(SRCROOT)/SetViewSource/host/Info.plist";
				LD_RUNPATH_SEARCH_PATHS = (
					"$(inherited)",
					"@executable_path/Frameworks",
				);
				PRODUCT_BUNDLE_IDENTIFIER = com.alex.OptionsView;
				PRODUCT_NAME = "$(TARGET_NAME)";
				SWIFT_VERSION = 4.0;
				TARGETED_DEVICE_FAMILY = "1,2";
			};
			name = Release;
		};
		2995A02020997705005D1336 /* Debug */ = {
			isa = XCBuildConfiguration;
			buildSettings = {
				ALWAYS_EMBED_SWIFT_STANDARD_LIBRARIES = YES;
				BUNDLE_LOADER = "$(TEST_HOST)";
				CODE_SIGN_STYLE = Automatic;
				DEVELOPMENT_TEAM = 6UUR9483U2;
				INFOPLIST_FILE = SetViewTests/Info.plist;
				LD_RUNPATH_SEARCH_PATHS = (
					"$(inherited)",
					"@executable_path/Frameworks",
					"@loader_path/Frameworks",
				);
				PRODUCT_BUNDLE_IDENTIFIER = com.alex.OptionsViewTests;
				PRODUCT_NAME = "$(TARGET_NAME)";
				SWIFT_VERSION = 4.0;
				TARGETED_DEVICE_FAMILY = "1,2";
				TEST_HOST = "$(BUILT_PRODUCTS_DIR)/SetView.app/SetView";
			};
			name = Debug;
		};
		2995A02120997705005D1336 /* Release */ = {
			isa = XCBuildConfiguration;
			buildSettings = {
				ALWAYS_EMBED_SWIFT_STANDARD_LIBRARIES = YES;
				BUNDLE_LOADER = "$(TEST_HOST)";
				CODE_SIGN_STYLE = Automatic;
				DEVELOPMENT_TEAM = 6UUR9483U2;
				INFOPLIST_FILE = SetViewTests/Info.plist;
				LD_RUNPATH_SEARCH_PATHS = (
					"$(inherited)",
					"@executable_path/Frameworks",
					"@loader_path/Frameworks",
				);
				PRODUCT_BUNDLE_IDENTIFIER = com.alex.OptionsViewTests;
				PRODUCT_NAME = "$(TARGET_NAME)";
				SWIFT_VERSION = 4.0;
				TARGETED_DEVICE_FAMILY = "1,2";
				TEST_HOST = "$(BUILT_PRODUCTS_DIR)/SetView.app/SetView";
			};
			name = Release;
		};
/* End XCBuildConfiguration section */

/* Begin XCConfigurationList section */
		29959FFA20997702005D1336 /* Build configuration list for PBXProject "SetView" */ = {
			isa = XCConfigurationList;
			buildConfigurations = (
				2995A01A20997705005D1336 /* Debug */,
				2995A01B20997705005D1336 /* Release */,
			);
			defaultConfigurationIsVisible = 0;
			defaultConfigurationName = Release;
		};
		2995A01C20997705005D1336 /* Build configuration list for PBXNativeTarget "SetView" */ = {
			isa = XCConfigurationList;
			buildConfigurations = (
				2995A01D20997705005D1336 /* Debug */,
				2995A01E20997705005D1336 /* Release */,
			);
			defaultConfigurationIsVisible = 0;
			defaultConfigurationName = Release;
		};
		2995A01F20997705005D1336 /* Build configuration list for PBXNativeTarget "SetViewTests" */ = {
			isa = XCConfigurationList;
			buildConfigurations = (
				2995A02020997705005D1336 /* Debug */,
				2995A02120997705005D1336 /* Release */,
			);
			defaultConfigurationIsVisible = 0;
			defaultConfigurationName = Release;
		};
/* End XCConfigurationList section */
	};
	rootObject = 29959FF720997702005D1336 /* Project object */;
}
